version = 1
revision = 2
requires-python = ">=3.11"

[[package]]
name = "app"
version = "0.1.0"
source = { virtual = "." }
dependencies = [
    { name = "pillow" },
    { name = "pymupdf" },
    { name = "pytesseract" },
]

[package.dev-dependencies]
dev = [
    { name = "poethepoet" },
]

[package.metadata]
requires-dist = [
    { name = "pillow", specifier = "==10.1.0" },
    { name = "pymupdf", specifier = "==1.23.26" },
    { name = "pytesseract", specifier = "==0.3.10" },
]

[package.metadata.requires-dev]
dev = [{ name = "poethepoet", specifier = ">=0.36.0" }]

[[package]]
name = "packaging"
version = "25.0"
source = { registry = "https://pypi.org/simple" }
sdist = { url = "https://files.pythonhosted.org/packages/a1/d4/1fc4078c65507b51b96ca8f8c3ba19e6a61c8253c72794544580a7b6c24d/packaging-25.0.tar.gz", hash = "sha256:d443872c98d677bf60f6a1f2f8c1cb748e8fe762d2bf9d3148b5599295b0fc4f", size = 165727, upload-time = "2025-04-19T11:48:59.673Z" }
wheels = [
    { url = "https://files.pythonhosted.org/packages/20/12/38679034af332785aac8774540895e234f4d07f7545804097de4b666afd8/packaging-25.0-py3-none-any.whl", hash = "sha256:29572ef2b1f17581046b3a2227d5c611fb25ec70ca1ba8554b24b0e69331a484", size = 66469, upload-time = "2025-04-19T11:48:57.875Z" },
]

[[package]]
name = "pastel"
version = "0.2.1"
source = { registry = "https://pypi.org/simple" }
sdist = { url = "https://files.pythonhosted.org/packages/76/f1/4594f5e0fcddb6953e5b8fe00da8c317b8b41b547e2b3ae2da7512943c62/pastel-0.2.1.tar.gz", hash = "sha256:e6581ac04e973cac858828c6202c1e1e81fee1dc7de7683f3e1ffe0bfd8a573d", size = 7555, upload-time = "2020-09-16T19:21:12.43Z" }
wheels = [
    { url = "https://files.pythonhosted.org/packages/aa/18/a8444036c6dd65ba3624c63b734d3ba95ba63ace513078e1580590075d21/pastel-0.2.1-py2.py3-none-any.whl", hash = "sha256:4349225fcdf6c2bb34d483e523475de5bb04a5c10ef711263452cb37d7dd4364", size = 5955, upload-time = "2020-09-16T19:21:11.409Z" },
]

[[package]]
name = "pillow"
version = "10.1.0"
source = { registry = "https://pypi.org/simple" }
sdist = { url = "https://files.pythonhosted.org/packages/80/d7/c4b258c9098b469c4a4e77b0a99b5f4fd21e359c2e486c977d231f52fc71/Pillow-10.1.0.tar.gz", hash = "sha256:e6bf8de6c36ed96c86ea3b6e1d5273c53f46ef518a062464cd7ef5dd2cf92e38", size = 50781360, upload-time = "2023-10-15T13:03:15.681Z" }
wheels = [
    { url = "https://files.pythonhosted.org/packages/07/22/93d6b5aa5917d09ec7088a2c4d1821848f3f95fbdc2633ba9d9fc28444a1/Pillow-10.1.0-cp311-cp311-macosx_10_10_x86_64.whl", hash = "sha256:1fb29c07478e6c06a46b867e43b0bcdb241b44cc52be9bc25ce5944eed4648e7", size = 3484089, upload-time = "2023-10-15T13:01:46.981Z" },
    { url = "https://files.pythonhosted.org/packages/c3/5b/6bcfd0c2631d1ce4bb29ea597556ed2783404c5ad38635caf7b3f2b19073/Pillow-10.1.0-cp311-cp311-macosx_11_0_arm64.whl", hash = "sha256:2cdc65a46e74514ce742c2013cd4a2d12e8553e3a2563c64879f7c7e4d28bce7", size = 3294744, upload-time = "2023-10-15T13:01:49.084Z" },
    { url = "https://files.pythonhosted.org/packages/2a/ae/6b7673ae38cbd4821742acdb209e3e52c564dbe8ef8409d64d68ea0f9e6f/Pillow-10.1.0-cp311-cp311-manylinux_2_17_aarch64.manylinux2014_aarch64.whl", hash = "sha256:50d08cd0a2ecd2a8657bd3d82c71efd5a58edb04d9308185d66c3a5a5bed9610", size = 3424164, upload-time = "2023-10-15T13:01:51.284Z" },
    { url = "https://files.pythonhosted.org/packages/cd/fa/87c27a90d97600edc639b06c14c63c8dac709e13e04714eb1dc949788f41/Pillow-10.1.0-cp311-cp311-manylinux_2_17_x86_64.manylinux2014_x86_64.whl", hash = "sha256:062a1610e3bc258bff2328ec43f34244fcec972ee0717200cb1425214fe5b839", size = 3499981, upload-time = "2023-10-15T13:01:53.594Z" },
    { url = "https://files.pythonhosted.org/packages/5f/0a/8301b9384cbbd8542c2a5540fda1bce18c3203a0cc7becc9073bdee79ccb/Pillow-10.1.0-cp311-cp311-manylinux_2_28_aarch64.whl", hash = "sha256:61f1a9d247317fa08a308daaa8ee7b3f760ab1809ca2da14ecc88ae4257d6172", size = 3475329, upload-time = "2023-10-15T13:01:55.827Z" },
    { url = "https://files.pythonhosted.org/packages/6f/d8/f31dd84b4363b5f24c71b25a13ec3855f5ff233e07e1c3f1f8e979e12be2/Pillow-10.1.0-cp311-cp311-manylinux_2_28_x86_64.whl", hash = "sha256:a646e48de237d860c36e0db37ecaecaa3619e6f3e9d5319e527ccbc8151df061", size = 3621689, upload-time = "2023-10-15T13:01:57.56Z" },
    { url = "https://files.pythonhosted.org/packages/9d/20/5000e1a9696ee28c18c4bd158aaaed0dd65d3b13b6547c43b29f9851c2cc/Pillow-10.1.0-cp311-cp311-musllinux_1_1_aarch64.whl", hash = "sha256:47e5bf85b80abc03be7455c95b6d6e4896a62f6541c1f2ce77a7d2bb832af262", size = 3561247, upload-time = "2023-10-15T13:01:59.326Z" },
    { url = "https://files.pythonhosted.org/packages/cf/f7/4c4428d56df4cf7dfc6b9fc9a8b0268cdbca7c6b5130bc090fbf7562b223/Pillow-10.1.0-cp311-cp311-musllinux_1_1_x86_64.whl", hash = "sha256:a92386125e9ee90381c3369f57a2a50fa9e6aa8b1cf1d9c4b200d41a7dd8e992", size = 3600912, upload-time = "2023-10-15T13:02:01.139Z" },
    { url = "https://files.pythonhosted.org/packages/b1/38/31def4109acd4db10672df6f806b175c0d21458f845ddc0890e43238ba7c/Pillow-10.1.0-cp311-cp311-win_amd64.whl", hash = "sha256:0f7c276c05a9767e877a0b4c5050c8bee6a6d960d7f0c11ebda6b99746068c2a", size = 2609067, upload-time = "2023-10-15T13:02:03.443Z" },
    { url = "https://files.pythonhosted.org/packages/40/80/9df9bb85b3209d62b85064c956a819e9e06279c6accf7e0f6a89ff4d9d6d/Pillow-10.1.0-cp312-cp312-macosx_10_10_x86_64.whl", hash = "sha256:a89b8312d51715b510a4fe9fc13686283f376cfd5abca8cd1c65e4c76e21081b", size = 3483728, upload-time = "2023-10-15T13:02:05.418Z" },
    { url = "https://files.pythonhosted.org/packages/3d/6f/6f716f16bcb9bf39f54b9d2d993f535a0ee42cc0fec973c80839b0720ca2/Pillow-10.1.0-cp312-cp312-macosx_11_0_arm64.whl", hash = "sha256:00f438bb841382b15d7deb9a05cc946ee0f2c352653c7aa659e75e592f6fa17d", size = 3293897, upload-time = "2023-10-15T13:02:07.61Z" },
    { url = "https://files.pythonhosted.org/packages/33/c6/1abfffbbdd803a44fb4aa009218502a0e353bfcc96b045a24ad1a194c705/Pillow-10.1.0-cp312-cp312-manylinux_2_17_aarch64.manylinux2014_aarch64.whl", hash = "sha256:3d929a19f5469b3f4df33a3df2983db070ebb2088a1e145e18facbc28cae5b27", size = 3424287, upload-time = "2023-10-15T13:02:09.756Z" },
    { url = "https://files.pythonhosted.org/packages/1f/40/ff02ca10167c3d68c84b61142a5acd28b09ea5f833fffe9a77c4d8d5f96a/Pillow-10.1.0-cp312-cp312-manylinux_2_17_x86_64.manylinux2014_x86_64.whl", hash = "sha256:9a92109192b360634a4489c0c756364c0c3a2992906752165ecb50544c251312", size = 3500620, upload-time = "2023-10-15T13:02:11.483Z" },
    { url = "https://files.pythonhosted.org/packages/15/57/925008390581a15c024dd57206ca622fd0ea85fbd194169efc3ff48ecda1/Pillow-10.1.0-cp312-cp312-manylinux_2_28_aarch64.whl", hash = "sha256:0248f86b3ea061e67817c47ecbe82c23f9dd5d5226200eb9090b3873d3ca32de", size = 3475368, upload-time = "2023-10-15T13:02:13.353Z" },
    { url = "https://files.pythonhosted.org/packages/44/ed/a6f7dcd6631ec55b8d26c6a8bca762b04b7025daa3aa67e860a886abed89/Pillow-10.1.0-cp312-cp312-manylinux_2_28_x86_64.whl", hash = "sha256:9882a7451c680c12f232a422730f986a1fcd808da0fd428f08b671237237d651", size = 3621896, upload-time = "2023-10-15T13:02:15.053Z" },
    { url = "https://files.pythonhosted.org/packages/3f/e7/cf988402f838843362c471ca2a240d4be46adcabc508be4e70ba7721e9ee/Pillow-10.1.0-cp312-cp312-musllinux_1_1_aarch64.whl", hash = "sha256:1c3ac5423c8c1da5928aa12c6e258921956757d976405e9467c5f39d1d577a4b", size = 3561709, upload-time = "2023-10-15T13:02:16.745Z" },
    { url = "https://files.pythonhosted.org/packages/04/3d/bf353b366d1a39a95ff861129ba3af8499d48e06634d50c10cf4136cbe7d/Pillow-10.1.0-cp312-cp312-musllinux_1_1_x86_64.whl", hash = "sha256:806abdd8249ba3953c33742506fe414880bad78ac25cc9a9b1c6ae97bedd573f", size = 3602069, upload-time = "2023-10-15T13:02:18.634Z" },
    { url = "https://files.pythonhosted.org/packages/32/e4/978865107d097dd9cb650331676d8dc29ed9fcd0aaab46486e9d6e5123f0/Pillow-10.1.0-cp312-cp312-win_amd64.whl", hash = "sha256:eaed6977fa73408b7b8a24e8b14e59e1668cfc0f4c40193ea7ced8e210adf996", size = 2609160, upload-time = "2023-10-15T13:02:20.875Z" },
]

[[package]]
name = "poethepoet"
version = "0.36.0"
source = { registry = "https://pypi.org/simple" }
dependencies = [
    { name = "pastel" },
    { name = "pyyaml" },
]
sdist = { url = "https://files.pythonhosted.org/packages/cf/ac/311c8a492dc887f0b7a54d0ec3324cb2f9538b7b78ea06e5f7ae1f167e52/poethepoet-0.36.0.tar.gz", hash = "sha256:2217b49cb4e4c64af0b42ff8c4814b17f02e107d38bc461542517348ede25663", size = 66854, upload-time = "2025-06-29T19:54:50.444Z" }
wheels = [
    { url = "https://files.pythonhosted.org/packages/03/29/dedb3a6b7e17ea723143b834a2da428a7d743c80d5cd4d22ed28b5e8c441/poethepoet-0.36.0-py3-none-any.whl", hash = "sha256:693e3c1eae9f6731d3613c3c0c40f747d3c5c68a375beda42e590a63c5623308", size = 88031, upload-time = "2025-06-29T19:54:48.884Z" },
]

[[package]]
name = "psutil"
version = "7.0.0"
source = { registry = "https://pypi.org/simple" }
sdist = { url = "https://files.pythonhosted.org/packages/2a/80/336820c1ad9286a4ded7e845b2eccfcb27851ab8ac6abece774a6ff4d3de/psutil-7.0.0.tar.gz", hash = "sha256:7be9c3eba38beccb6495ea33afd982a44074b78f28c434a1f51cc07fd315c456", size = 497003, upload-time = "2025-02-13T21:54:07.946Z" }
wheels = [
    { url = "https://files.pythonhosted.org/packages/ed/e6/2d26234410f8b8abdbf891c9da62bee396583f713fb9f3325a4760875d22/psutil-7.0.0-cp36-abi3-macosx_10_9_x86_64.whl", hash = "sha256:101d71dc322e3cffd7cea0650b09b3d08b8e7c4109dd6809fe452dfd00e58b25", size = 238051, upload-time = "2025-02-13T21:54:12.36Z" },
    { url = "https://files.pythonhosted.org/packages/04/8b/30f930733afe425e3cbfc0e1468a30a18942350c1a8816acfade80c005c4/psutil-7.0.0-cp36-abi3-macosx_11_0_arm64.whl", hash = "sha256:39db632f6bb862eeccf56660871433e111b6ea58f2caea825571951d4b6aa3da", size = 239535, upload-time = "2025-02-13T21:54:16.07Z" },
    { url = "https://files.pythonhosted.org/packages/2a/ed/d362e84620dd22876b55389248e522338ed1bf134a5edd3b8231d7207f6d/psutil-7.0.0-cp36-abi3-manylinux_2_12_i686.manylinux2010_i686.manylinux_2_17_i686.manylinux2014_i686.whl", hash = "sha256:1fcee592b4c6f146991ca55919ea3d1f8926497a713ed7faaf8225e174581e91", size = 275004, upload-time = "2025-02-13T21:54:18.662Z" },
    { url = "https://files.pythonhosted.org/packages/bf/b9/b0eb3f3cbcb734d930fdf839431606844a825b23eaf9a6ab371edac8162c/psutil-7.0.0-cp36-abi3-manylinux_2_12_x86_64.manylinux2010_x86_64.manylinux_2_17_x86_64.manylinux2014_x86_64.whl", hash = "sha256:4b1388a4f6875d7e2aff5c4ca1cc16c545ed41dd8bb596cefea80111db353a34", size = 277986, upload-time = "2025-02-13T21:54:21.811Z" },
    { url = "https://files.pythonhosted.org/packages/eb/a2/709e0fe2f093556c17fbafda93ac032257242cabcc7ff3369e2cb76a97aa/psutil-7.0.0-cp36-abi3-manylinux_2_17_aarch64.manylinux2014_aarch64.whl", hash = "sha256:a5f098451abc2828f7dc6b58d44b532b22f2088f4999a937557b603ce72b1993", size = 279544, upload-time = "2025-02-13T21:54:24.68Z" },
    { url = "https://files.pythonhosted.org/packages/50/e6/eecf58810b9d12e6427369784efe814a1eec0f492084ce8eb8f4d89d6d61/psutil-7.0.0-cp37-abi3-win32.whl", hash = "sha256:ba3fcef7523064a6c9da440fc4d6bd07da93ac726b5733c29027d7dc95b39d99", size = 241053, upload-time = "2025-02-13T21:54:34.31Z" },
    { url = "https://files.pythonhosted.org/packages/50/1b/6921afe68c74868b4c9fa424dad3be35b095e16687989ebbb50ce4fceb7c/psutil-7.0.0-cp37-abi3-win_amd64.whl", hash = "sha256:4cf3d4eb1aa9b348dec30105c55cd9b7d4629285735a102beb4441e38db90553", size = 244885, upload-time = "2025-02-13T21:54:37.486Z" },
]

[[package]]
name = "pymupdf"
version = "1.23.26"
source = { registry = "https://pypi.org/simple" }
dependencies = [
    { name = "pymupdfb" },
]
sdist = { url = "https://files.pythonhosted.org/packages/c5/47/ebd9cdc09d82462533f69f983c7f57ebbf01e68adb111a3c49acacde2540/PyMuPDF-1.23.26.tar.gz", hash = "sha256:a904261b317b761b0aa2bd2c1f6cd25d25aa4258be67a90c02a878efc5dca649", size = 21988655, upload-time = "2024-02-29T18:19:02.671Z" }
wheels = [
    { url = "https://files.pythonhosted.org/packages/e6/3e/ba4632c10eb4bdaa074de45d4c51603dddc95dc849a0e51d85f11d4c5b65/PyMuPDF-1.23.26-cp311-none-macosx_10_9_x86_64.whl", hash = "sha256:e2804a64bb57da414781e312fb0561f6be67658ad57ed4a73dce008b23fc70a6", size = 4185833, upload-time = "2024-02-29T18:17:53.717Z" },
    { url = "https://files.pythonhosted.org/packages/5d/06/82fc8201522989b7bbf0c1d86da6a133c589d02c6cd1bc14da1dd5f2109f/PyMuPDF-1.23.26-cp311-none-macosx_11_0_arm64.whl", hash = "sha256:97b40bb22e3056874634617a90e0ed24a5172cf71791b9e25d1d91c6743bc567", size = 3715853, upload-time = "2024-02-29T18:17:58.738Z" },
    { url = "https://files.pythonhosted.org/packages/56/19/86414064deb4b8662fb8cd52dd6afa0b56990d5114afa64597f041c185ee/PyMuPDF-1.23.26-cp311-none-manylinux2014_aarch64.whl", hash = "sha256:fab8833559bc47ab26ce736f915b8fc1dd37c108049b90396f7cd5e1004d7593", size = 3873371, upload-time = "2024-02-29T21:54:34.519Z" },
    { url = "https://files.pythonhosted.org/packages/23/67/1eefac0bc228c80c58456a6bfc04310874e7c0aa0ede73c7ea3a829cad42/PyMuPDF-1.23.26-cp311-none-manylinux2014_x86_64.whl", hash = "sha256:f25aafd3e7fb9d7761a22acf2b67d704f04cc36d4dc33a3773f0eb3f4ec3606f", size = 4374364, upload-time = "2024-02-29T18:18:07.786Z" },
    { url = "https://files.pythonhosted.org/packages/3e/18/03324982153a1d982584397f443cfadf6928740ea2430744bbb36d5a65d4/PyMuPDF-1.23.26-cp311-none-win32.whl", hash = "sha256:05e672ed3e82caca7ef02a88ace30130b1dd392a1190f03b2b58ffe7aa331400", size = 3173530, upload-time = "2024-02-29T18:18:17.68Z" },
    { url = "https://files.pythonhosted.org/packages/cf/28/a50440fd3cdb263c1843bf166d48fc68d219ff7dccff7b854f19426ef4ee/PyMuPDF-1.23.26-cp311-none-win_amd64.whl", hash = "sha256:92b3c4dd4d0491d495f333be2d41f4e1c155a409bc9d04b5ff29655dccbf4655", size = 3394056, upload-time = "2024-02-29T18:18:13.16Z" },
    { url = "https://files.pythonhosted.org/packages/bb/ef/e2566f524ef5a3d8c62f51afd16bd1a042fc812ab3cc3b987a125d322f89/PyMuPDF-1.23.26-cp312-none-macosx_10_9_x86_64.whl", hash = "sha256:a217689ede18cc6991b4e6a78afee8a440b3075d53b9dec4ba5ef7487d4547e9", size = 4216295, upload-time = "2024-02-29T18:18:22.567Z" },
    { url = "https://files.pythonhosted.org/packages/4b/6b/6f6bcd072e90cc0f8e563916222edc36c7adc0d7b5768d996c57652d7b54/PyMuPDF-1.23.26-cp312-none-macosx_11_0_arm64.whl", hash = "sha256:42ad2b819b90ce1947e11b90ec5085889df0a2e3aa0207bc97ecacfc6157cabc", size = 3727595, upload-time = "2024-02-29T18:18:26.797Z" },
    { url = "https://files.pythonhosted.org/packages/19/07/40f7b3420e8bba1b20a22ddb361fac3b4994427aa113ca628abf2f7dc341/PyMuPDF-1.23.26-cp312-none-manylinux2014_aarch64.whl", hash = "sha256:99607649f89a02bba7d8ebe96e2410664316adc95e9337f7dfeff6a154f93049", size = 3861387, upload-time = "2024-02-29T21:54:39.033Z" },
    { url = "https://files.pythonhosted.org/packages/95/5e/e5e01b772d4765937b9d0fe6d51124de58c39a7ec8eb06d99f87a73bb05b/PyMuPDF-1.23.26-cp312-none-manylinux2014_x86_64.whl", hash = "sha256:bb42d4b8407b4de7cb58c28f01449f16f32a6daed88afb41108f1aeb3552bdd4", size = 4371602, upload-time = "2024-02-29T18:18:31.342Z" },
    { url = "https://files.pythonhosted.org/packages/eb/0f/cd6382cde48faf60d4a712e60bc202f7fa5813e849bfd0b454163e1439cb/PyMuPDF-1.23.26-cp312-none-win32.whl", hash = "sha256:c40d044411615e6f0baa7d3d933b3032cf97e168c7fa77d1be8a46008c109aee", size = 3181771, upload-time = "2024-02-29T18:18:38.448Z" },
    { url = "https://files.pythonhosted.org/packages/2d/4e/2dd13cb8d8a4153ba6b6e990c9059f1481afdaf00a5d2c718b16ef106fe5/PyMuPDF-1.23.26-cp312-none-win_amd64.whl", hash = "sha256:3f876533aa7f9a94bcd9a0225ce72571b7808260903fec1d95c120bc842fb52d", size = 3404301, upload-time = "2024-02-29T18:18:35.1Z" },
]

[[package]]
name = "pymupdfb"
version = "1.23.22"
source = { registry = "https://pypi.org/simple" }
wheels = [
    { url = "https://files.pythonhosted.org/packages/70/f1/2ba669bbc8221ec7b39d7536bd6d5fd0daf7efb5b9d98458462432e3c1ef/PyMuPDFb-1.23.22-py3-none-macosx_10_9_x86_64.whl", hash = "sha256:9085a1e2fbf16f2820f9f7ad3d25e85f81d9b9eb0409110c1670d4cf5a27a678", size = 30146890, upload-time = "2024-02-13T07:57:44.33Z" },
    { url = "https://files.pythonhosted.org/packages/7f/40/f02986ac1c9f580bdf90e405ae29b216fd6b481be04ec7b9a70b6b502cf1/PyMuPDFb-1.23.22-py3-none-macosx_11_0_arm64.whl", hash = "sha256:01016dd33220cef4ecaf929d09fd27a584dc3ec3e5c9f4112dfe63613ea35135", size = 29372686, upload-time = "2024-02-13T07:58:04.114Z" },
    { url = "https://files.pythonhosted.org/packages/d1/c1/00a293fb4dfe1dd0bf1f579bd34150f6d34a685b8dc933fab73861ba01c1/PyMuPDFb-1.23.22-py3-none-manylinux2014_aarch64.manylinux_2_17_aarch64.whl", hash = "sha256:cf50e814db91f2a2325219302fbac229a23682c372cf8232aabd51ea3f18210e", size = 30182731, upload-time = "2024-02-13T21:35:05.868Z" },
    { url = "https://files.pythonhosted.org/packages/65/33/4a3732db87ca2ea72ad6b3496f921b25d040f4ac853da1932d8cceb5cc33/PyMuPDFb-1.23.22-py3-none-manylinux2014_x86_64.manylinux_2_17_x86_64.whl", hash = "sha256:3ffa713ad18e816e584c8a5f569995c32d22f8ac76ab6e4a61f2d2983c4b73d9", size = 30599393, upload-time = "2024-02-13T07:59:05.95Z" },
    { url = "https://files.pythonhosted.org/packages/1d/f8/0eee323d45c41231cd7af667e6ca0672eb7b649213b8a056139bea2fb715/PyMuPDFb-1.23.22-py3-none-win32.whl", hash = "sha256:d00e372452845aea624659c302d25e935052269fd3aafe26948301576d6f2ee8", size = 21753119, upload-time = "2024-02-13T07:58:41.818Z" },
    { url = "https://files.pythonhosted.org/packages/a7/79/2822a5c60909fdacaa1bc455c91e2b2dec9fc79537860b538f09ccad229d/PyMuPDFb-1.23.22-py3-none-win_amd64.whl", hash = "sha256:7c9c157281fdee9f296e666a323307dbf74cb38f017921bb131fa7bfcd39c2bd", size = 24487431, upload-time = "2024-02-13T07:58:20.218Z" },
]

[[package]]
name = "pytesseract"
version = "0.3.10"
source = { registry = "https://pypi.org/simple" }
dependencies = [
    { name = "packaging" },
    { name = "pillow" },
]
sdist = { url = "https://files.pythonhosted.org/packages/f0/f1/e34221d3b870fb3b6b38a5843ad2b802bdc85c222c7c49555b72e59eb52b/pytesseract-0.3.10.tar.gz", hash = "sha256:f1c3a8b0f07fd01a1085d451f5b8315be6eec1d5577a6796d46dc7a62bd4120f", size = 13560, upload-time = "2022-08-16T19:23:03.718Z" }
wheels = [
    { url = "https://files.pythonhosted.org/packages/c5/54/ec007336f38d2d4ce61f3544af3e6855dacbf04a1ac8294f10cabe81146f/pytesseract-0.3.10-py3-none-any.whl", hash = "sha256:8f22cc98f765bf13517ead0c70effedb46c153540d25783e04014f28b55a5fc6", size = 14234, upload-time = "2022-08-16T19:19:08.308Z" },
]

[[package]]
name = "pyyaml"
version = "6.0.2"
source = { registry = "https://pypi.org/simple" }
sdist = { url = "https://files.pythonhosted.org/packages/54/ed/79a089b6be93607fa5cdaedf301d7dfb23af5f25c398d5ead2525b063e17/pyyaml-6.0.2.tar.gz", hash = "sha256:d584d9ec91ad65861cc08d42e834324ef890a082e591037abe114850ff7bbc3e", size = 130631, upload-time = "2024-08-06T20:33:50.674Z" }
wheels = [
    { url = "https://files.pythonhosted.org/packages/f8/aa/7af4e81f7acba21a4c6be026da38fd2b872ca46226673c89a758ebdc4fd2/PyYAML-6.0.2-cp311-cp311-macosx_10_9_x86_64.whl", hash = "sha256:cc1c1159b3d456576af7a3e4d1ba7e6924cb39de8f67111c735f6fc832082774", size = 184612, upload-time = "2024-08-06T20:32:03.408Z" },
    { url = "https://files.pythonhosted.org/packages/8b/62/b9faa998fd185f65c1371643678e4d58254add437edb764a08c5a98fb986/PyYAML-6.0.2-cp311-cp311-macosx_11_0_arm64.whl", hash = "sha256:1e2120ef853f59c7419231f3bf4e7021f1b936f6ebd222406c3b60212205d2ee", size = 172040, upload-time = "2024-08-06T20:32:04.926Z" },
    { url = "https://files.pythonhosted.org/packages/ad/0c/c804f5f922a9a6563bab712d8dcc70251e8af811fce4524d57c2c0fd49a4/PyYAML-6.0.2-cp311-cp311-manylinux_2_17_aarch64.manylinux2014_aarch64.whl", hash = "sha256:5d225db5a45f21e78dd9358e58a98702a0302f2659a3c6cd320564b75b86f47c", size = 736829, upload-time = "2024-08-06T20:32:06.459Z" },
    { url = "https://files.pythonhosted.org/packages/51/16/6af8d6a6b210c8e54f1406a6b9481febf9c64a3109c541567e35a49aa2e7/PyYAML-6.0.2-cp311-cp311-manylinux_2_17_s390x.manylinux2014_s390x.whl", hash = "sha256:5ac9328ec4831237bec75defaf839f7d4564be1e6b25ac710bd1a96321cc8317", size = 764167, upload-time = "2024-08-06T20:32:08.338Z" },
    { url = "https://files.pythonhosted.org/packages/75/e4/2c27590dfc9992f73aabbeb9241ae20220bd9452df27483b6e56d3975cc5/PyYAML-6.0.2-cp311-cp311-manylinux_2_17_x86_64.manylinux2014_x86_64.whl", hash = "sha256:3ad2a3decf9aaba3d29c8f537ac4b243e36bef957511b4766cb0057d32b0be85", size = 762952, upload-time = "2024-08-06T20:32:14.124Z" },
    { url = "https://files.pythonhosted.org/packages/9b/97/ecc1abf4a823f5ac61941a9c00fe501b02ac3ab0e373c3857f7d4b83e2b6/PyYAML-6.0.2-cp311-cp311-musllinux_1_1_aarch64.whl", hash = "sha256:ff3824dc5261f50c9b0dfb3be22b4567a6f938ccce4587b38952d85fd9e9afe4", size = 735301, upload-time = "2024-08-06T20:32:16.17Z" },
    { url = "https://files.pythonhosted.org/packages/45/73/0f49dacd6e82c9430e46f4a027baa4ca205e8b0a9dce1397f44edc23559d/PyYAML-6.0.2-cp311-cp311-musllinux_1_1_x86_64.whl", hash = "sha256:797b4f722ffa07cc8d62053e4cff1486fa6dc094105d13fea7b1de7d8bf71c9e", size = 756638, upload-time = "2024-08-06T20:32:18.555Z" },
    { url = "https://files.pythonhosted.org/packages/22/5f/956f0f9fc65223a58fbc14459bf34b4cc48dec52e00535c79b8db361aabd/PyYAML-6.0.2-cp311-cp311-win32.whl", hash = "sha256:11d8f3dd2b9c1207dcaf2ee0bbbfd5991f571186ec9cc78427ba5bd32afae4b5", size = 143850, upload-time = "2024-08-06T20:32:19.889Z" },
    { url = "https://files.pythonhosted.org/packages/ed/23/8da0bbe2ab9dcdd11f4f4557ccaf95c10b9811b13ecced089d43ce59c3c8/PyYAML-6.0.2-cp311-cp311-win_amd64.whl", hash = "sha256:e10ce637b18caea04431ce14fabcf5c64a1c61ec9c56b071a4b7ca131ca52d44", size = 161980, upload-time = "2024-08-06T20:32:21.273Z" },
    { url = "https://files.pythonhosted.org/packages/86/0c/c581167fc46d6d6d7ddcfb8c843a4de25bdd27e4466938109ca68492292c/PyYAML-6.0.2-cp312-cp312-macosx_10_9_x86_64.whl", hash = "sha256:c70c95198c015b85feafc136515252a261a84561b7b1d51e3384e0655ddf25ab", size = 183873, upload-time = "2024-08-06T20:32:25.131Z" },
    { url = "https://files.pythonhosted.org/packages/a8/0c/38374f5bb272c051e2a69281d71cba6fdb983413e6758b84482905e29a5d/PyYAML-6.0.2-cp312-cp312-macosx_11_0_arm64.whl", hash = "sha256:ce826d6ef20b1bc864f0a68340c8b3287705cae2f8b4b1d932177dcc76721725", size = 173302, upload-time = "2024-08-06T20:32:26.511Z" },
    { url = "https://files.pythonhosted.org/packages/c3/93/9916574aa8c00aa06bbac729972eb1071d002b8e158bd0e83a3b9a20a1f7/PyYAML-6.0.2-cp312-cp312-manylinux_2_17_aarch64.manylinux2014_aarch64.whl", hash = "sha256:1f71ea527786de97d1a0cc0eacd1defc0985dcf6b3f17bb77dcfc8c34bec4dc5", size = 739154, upload-time = "2024-08-06T20:32:28.363Z" },
    { url = "https://files.pythonhosted.org/packages/95/0f/b8938f1cbd09739c6da569d172531567dbcc9789e0029aa070856f123984/PyYAML-6.0.2-cp312-cp312-manylinux_2_17_s390x.manylinux2014_s390x.whl", hash = "sha256:9b22676e8097e9e22e36d6b7bda33190d0d400f345f23d4065d48f4ca7ae0425", size = 766223, upload-time = "2024-08-06T20:32:30.058Z" },
    { url = "https://files.pythonhosted.org/packages/b9/2b/614b4752f2e127db5cc206abc23a8c19678e92b23c3db30fc86ab731d3bd/PyYAML-6.0.2-cp312-cp312-manylinux_2_17_x86_64.manylinux2014_x86_64.whl", hash = "sha256:80bab7bfc629882493af4aa31a4cfa43a4c57c83813253626916b8c7ada83476", size = 767542, upload-time = "2024-08-06T20:32:31.881Z" },
    { url = "https://files.pythonhosted.org/packages/d4/00/dd137d5bcc7efea1836d6264f049359861cf548469d18da90cd8216cf05f/PyYAML-6.0.2-cp312-cp312-musllinux_1_1_aarch64.whl", hash = "sha256:0833f8694549e586547b576dcfaba4a6b55b9e96098b36cdc7ebefe667dfed48", size = 731164, upload-time = "2024-08-06T20:32:37.083Z" },
    { url = "https://files.pythonhosted.org/packages/c9/1f/4f998c900485e5c0ef43838363ba4a9723ac0ad73a9dc42068b12aaba4e4/PyYAML-6.0.2-cp312-cp312-musllinux_1_1_x86_64.whl", hash = "sha256:8b9c7197f7cb2738065c481a0461e50ad02f18c78cd75775628afb4d7137fb3b", size = 756611, upload-time = "2024-08-06T20:32:38.898Z" },
    { url = "https://files.pythonhosted.org/packages/df/d1/f5a275fdb252768b7a11ec63585bc38d0e87c9e05668a139fea92b80634c/PyYAML-6.0.2-cp312-cp312-win32.whl", hash = "sha256:ef6107725bd54b262d6dedcc2af448a266975032bc85ef0172c5f059da6325b4", size = 140591, upload-time = "2024-08-06T20:32:40.241Z" },
    { url = "https://files.pythonhosted.org/packages/0c/e8/4f648c598b17c3d06e8753d7d13d57542b30d56e6c2dedf9c331ae56312e/PyYAML-6.0.2-cp312-cp312-win_amd64.whl", hash = "sha256:7e7401d0de89a9a855c839bc697c079a4af81cf878373abd7dc625847d25cbd8", size = 156338, upload-time = "2024-08-06T20:32:41.93Z" },
    { url = "https://files.pythonhosted.org/packages/ef/e3/3af305b830494fa85d95f6d95ef7fa73f2ee1cc8ef5b495c7c3269fb835f/PyYAML-6.0.2-cp313-cp313-macosx_10_13_x86_64.whl", hash = "sha256:efdca5630322a10774e8e98e1af481aad470dd62c3170801852d752aa7a783ba", size = 181309, upload-time = "2024-08-06T20:32:43.4Z" },
    { url = "https://files.pythonhosted.org/packages/45/9f/3b1c20a0b7a3200524eb0076cc027a970d320bd3a6592873c85c92a08731/PyYAML-6.0.2-cp313-cp313-macosx_11_0_arm64.whl", hash = "sha256:50187695423ffe49e2deacb8cd10510bc361faac997de9efef88badc3bb9e2d1", size = 171679, upload-time = "2024-08-06T20:32:44.801Z" },
    { url = "https://files.pythonhosted.org/packages/7c/9a/337322f27005c33bcb656c655fa78325b730324c78620e8328ae28b64d0c/PyYAML-6.0.2-cp313-cp313-manylinux_2_17_aarch64.manylinux2014_aarch64.whl", hash = "sha256:0ffe8360bab4910ef1b9e87fb812d8bc0a308b0d0eef8c8f44e0254ab3b07133", size = 733428, upload-time = "2024-08-06T20:32:46.432Z" },
    { url = "https://files.pythonhosted.org/packages/a3/69/864fbe19e6c18ea3cc196cbe5d392175b4cf3d5d0ac1403ec3f2d237ebb5/PyYAML-6.0.2-cp313-cp313-manylinux_2_17_s390x.manylinux2014_s390x.whl", hash = "sha256:17e311b6c678207928d649faa7cb0d7b4c26a0ba73d41e99c4fff6b6c3276484", size = 763361, upload-time = "2024-08-06T20:32:51.188Z" },
    { url = "https://files.pythonhosted.org/packages/04/24/b7721e4845c2f162d26f50521b825fb061bc0a5afcf9a386840f23ea19fa/PyYAML-6.0.2-cp313-cp313-manylinux_2_17_x86_64.manylinux2014_x86_64.whl", hash = "sha256:70b189594dbe54f75ab3a1acec5f1e3faa7e8cf2f1e08d9b561cb41b845f69d5", size = 759523, upload-time = "2024-08-06T20:32:53.019Z" },
    { url = "https://files.pythonhosted.org/packages/2b/b2/e3234f59ba06559c6ff63c4e10baea10e5e7df868092bf9ab40e5b9c56b6/PyYAML-6.0.2-cp313-cp313-musllinux_1_1_aarch64.whl", hash = "sha256:41e4e3953a79407c794916fa277a82531dd93aad34e29c2a514c2c0c5fe971cc", size = 726660, upload-time = "2024-08-06T20:32:54.708Z" },
    { url = "https://files.pythonhosted.org/packages/fe/0f/25911a9f080464c59fab9027482f822b86bf0608957a5fcc6eaac85aa515/PyYAML-6.0.2-cp313-cp313-musllinux_1_1_x86_64.whl", hash = "sha256:68ccc6023a3400877818152ad9a1033e3db8625d899c72eacb5a668902e4d652", size = 751597, upload-time = "2024-08-06T20:32:56.985Z" },
    { url = "https://files.pythonhosted.org/packages/14/0d/e2c3b43bbce3cf6bd97c840b46088a3031085179e596d4929729d8d68270/PyYAML-6.0.2-cp313-cp313-win32.whl", hash = "sha256:bc2fa7c6b47d6bc618dd7fb02ef6fdedb1090ec036abab80d4681424b84c1183", size = 140527, upload-time = "2024-08-06T20:33:03.001Z" },
    { url = "https://files.pythonhosted.org/packages/fa/de/02b54f42487e3d3c6efb3f89428677074ca7bf43aae402517bc7cca949f3/PyYAML-6.0.2-cp313-cp313-win_amd64.whl", hash = "sha256:8388ee1976c416731879ac16da0aff3f63b286ffdd57cdeb95f3f2e085687563", size = 156446, upload-time = "2024-08-06T20:33:04.33Z" },
]
